
Microsoft Visual Studio Solution File, Format Version 12.00
# Visual Studio Version 17
VisualStudioVersion = 17.1.31911.260
MinimumVisualStudioVersion = 10.0.40219.1
Project("{8BC9CEB8-8B4A-11D0-8D11-00A0C91BC942}") = "toml++", "toml++.vcxproj", "{0E287B5A-1168-43FD-B067-F6BE8E182A57}"
EndProject
Project("{2150E333-8FDC-42A3-9474-1A3956D46DE8}") = "tests", "tests", "{4E25CF88-D7D8-4A9C-A52E-0D78281E82EC}"
EndProject
Project("{2150E333-8FDC-42A3-9474-1A3956D46DE8}") = "examples", "examples", "{412816A5-9D22-4A30-BCDF-ABFB54BB3735}"
EndProject
Project("{8BC9CEB8-8B4A-11D0-8D11-00A0C91BC942}") = "toml_to_json_transcoder", "examples\toml_to_json_transcoder.vcxproj", "{BE34AA99-BEE6-4B50-B237-217E7C88FCB5}"
EndProject
Project("{8BC9CEB8-8B4A-11D0-8D11-00A0C91BC942}") = "simple_parser", "examples\simple_parser.vcxproj", "{259FCEE5-3442-4076-9547-2BA793ECA1CB}"
EndProject
Project("{8BC9CEB8-8B4A-11D0-8D11-00A0C91BC942}") = "toml_generator", "examples\toml_generator.vcxproj", "{23CE3B73-FEE7-436C-9B4E-3DFB202EE9A2}"
EndProject
Project("{8BC9CEB8-8B4A-11D0-8D11-00A0C91BC942}") = "error_printer", "examples\error_printer.vcxproj", "{DAB4634D-8145-4860-AE45-5198E76FF324}"
EndProject
Project("{8BC9CEB8-8B4A-11D0-8D11-00A0C91BC942}") = "test_debug_x64", "tests\vs\test_debug_x64.vcxproj", "{202DCF23-B4E4-5FB9-AFA8-CC9A718067FF}"
EndProject
Project("{8BC9CEB8-8B4A-11D0-8D11-00A0C91BC942}") = "test_debug_x64_cpplatest", "tests\vs\test_debug_x64_cpplatest.vcxproj", "{B0B1EA1E-611A-59B6-939F-0A891C71BBF0}"
EndProject
Project("{8BC9CEB8-8B4A-11D0-8D11-00A0C91BC942}") = "test_debug_x64_cpplatest_noexcept", "tests\vs\test_debug_x64_cpplatest_noexcept.vcxproj", "{2D040A50-F533-5977-AF7F-B25C29112025}"
EndProject
Project("{8BC9CEB8-8B4A-11D0-8D11-00A0C91BC942}") = "test_debug_x64_cpplatest_noexcept_unrel", "tests\vs\test_debug_x64_cpplatest_noexcept_unrel.vcxproj", "{50988C9F-99C8-59C2-BCAA-AA1F0848472E}"
EndProject
Project("{8BC9CEB8-8B4A-11D0-8D11-00A0C91BC942}") = "test_debug_x64_cpplatest_unrel", "tests\vs\test_debug_x64_cpplatest_unrel.vcxproj", "{39175FCA-1342-507B-90F3-E8DCFB4C48D0}"
EndProject
Project("{8BC9CEB8-8B4A-11D0-8D11-00A0C91BC942}") = "test_debug_x64_noexcept", "tests\vs\test_debug_x64_noexcept.vcxproj", "{70F7C29B-3468-5C09-8D47-B649CEBAB09E}"
EndProject
Project("{8BC9CEB8-8B4A-11D0-8D11-00A0C91BC942}") = "test_debug_x64_noexcept_unrel", "tests\vs\test_debug_x64_noexcept_unrel.vcxproj", "{62191BB3-97A9-552E-93BF-BFDF4D9905DD}"
EndProject
Project("{8BC9CEB8-8B4A-11D0-8D11-00A0C91BC942}") = "test_debug_x64_unrel", "tests\vs\test_debug_x64_unrel.vcxproj", "{9A3431E3-4727-5FED-9C18-CCD300C2760E}"
EndProject
Project("{8BC9CEB8-8B4A-11D0-8D11-00A0C91BC942}") = "test_debug_x86", "tests\vs\test_debug_x86.vcxproj", "{CFBAF3E0-2F81-5178-964C-F419CD2F296D}"
EndProject
Project("{8BC9CEB8-8B4A-11D0-8D11-00A0C91BC942}") = "test_debug_x86_cpplatest", "tests\vs\test_debug_x86_cpplatest.vcxproj", "{AD9A5FC3-6B12-5B6F-86C0-AB2FBB8C7766}"
EndProject
Project("{8BC9CEB8-8B4A-11D0-8D11-00A0C91BC942}") = "test_debug_x86_cpplatest_noexcept", "tests\vs\test_debug_x86_cpplatest_noexcept.vcxproj", "{DC05B52F-D0ED-5F40-A5EC-92C4C1D77F98}"
EndProject
Project("{8BC9CEB8-8B4A-11D0-8D11-00A0C91BC942}") = "test_debug_x86_cpplatest_noexcept_unrel", "tests\vs\test_debug_x86_cpplatest_noexcept_unrel.vcxproj", "{41DC0274-FFA8-5D94-AF8D-5677E3141095}"
EndProject
Project("{8BC9CEB8-8B4A-11D0-8D11-00A0C91BC942}") = "test_debug_x86_cpplatest_unrel", "tests\vs\test_debug_x86_cpplatest_unrel.vcxproj", "{C8B46DC3-994F-5A7C-98ED-3388BCE5D647}"
EndProject
Project("{8BC9CEB8-8B4A-11D0-8D11-00A0C91BC942}") = "test_debug_x86_noexcept", "tests\vs\test_debug_x86_noexcept.vcxproj", "{F7375F00-0345-5F67-89C0-2B18412B40FB}"
EndProject
Project("{8BC9CEB8-8B4A-11D0-8D11-00A0C91BC942}") = "test_debug_x86_noexcept_unrel", "tests\vs\test_debug_x86_noexcept_unrel.vcxproj", "{92AAC430-36B0-51E4-8E39-F3C579EDB331}"
EndProject
Project("{8BC9CEB8-8B4A-11D0-8D11-00A0C91BC942}") = "test_debug_x86_unrel", "tests\vs\test_debug_x86_unrel.vcxproj", "{B1EAF133-1019-510F-A083-FC04774FF12E}"
EndProject
Project("{8BC9CEB8-8B4A-11D0-8D11-00A0C91BC942}") = "test_release_x64", "tests\vs\test_release_x64.vcxproj", "{F70977E7-E735-5D5C-9043-CA792F1B9392}"
EndProject
Project("{8BC9CEB8-8B4A-11D0-8D11-00A0C91BC942}") = "test_release_x64_cpplatest", "tests\vs\test_release_x64_cpplatest.vcxproj", "{413BDA52-0A9D-56B8-9AF3-A65019F42831}"
EndProject
Project("{8BC9CEB8-8B4A-11D0-8D11-00A0C91BC942}") = "test_release_x64_cpplatest_noexcept", "tests\vs\test_release_x64_cpplatest_noexcept.vcxproj", "{6F6D8031-4BA9-5F07-BE1F-190A2FC3CC9C}"
EndProject
Project("{8BC9CEB8-8B4A-11D0-8D11-00A0C91BC942}") = "test_release_x64_cpplatest_noexcept_unrel", "tests\vs\test_release_x64_cpplatest_noexcept_unrel.vcxproj", "{18ADA45A-11DD-5649-8492-F726E6A82803}"
EndProject
Project("{8BC9CEB8-8B4A-11D0-8D11-00A0C91BC942}") = "test_release_x64_cpplatest_unrel", "tests\vs\test_release_x64_cpplatest_unrel.vcxproj", "{74813AFD-DB22-52FA-9108-0BADD4B0E161}"
EndProject
Project("{8BC9CEB8-8B4A-11D0-8D11-00A0C91BC942}") = "test_release_x64_noexcept", "tests\vs\test_release_x64_noexcept.vcxproj", "{B1B28D93-892C-59BF-9C6F-D813EC6438A0}"
EndProject
Project("{8BC9CEB8-8B4A-11D0-8D11-00A0C91BC942}") = "test_release_x64_noexcept_unrel", "tests\vs\test_release_x64_noexcept_unrel.vcxproj", "{6C3EA8CD-33CC-5775-ACC4-631FF5FE1E2C}"
EndProject
Project("{8BC9CEB8-8B4A-11D0-8D11-00A0C91BC942}") = "test_release_x64_unrel", "tests\vs\test_release_x64_unrel.vcxproj", "{B3779AEA-40D6-5F3C-BC86-98E4E577E09D}"
EndProject
Project("{8BC9CEB8-8B4A-11D0-8D11-00A0C91BC942}") = "test_release_x86", "tests\vs\test_release_x86.vcxproj", "{2D7D2E84-8861-529C-9C05-A1EE1FB84084}"
EndProject
Project("{8BC9CEB8-8B4A-11D0-8D11-00A0C91BC942}") = "test_release_x86_cpplatest", "tests\vs\test_release_x86_cpplatest.vcxproj", "{B98D8D10-4B7B-5AA8-84B5-87FE6AA80C10}"
EndProject
Project("{8BC9CEB8-8B4A-11D0-8D11-00A0C91BC942}") = "test_release_x86_cpplatest_noexcept", "tests\vs\test_release_x86_cpplatest_noexcept.vcxproj", "{C9D50E23-65F2-5C1E-BE44-7327A9FFC637}"
EndProject
Project("{8BC9CEB8-8B4A-11D0-8D11-00A0C91BC942}") = "test_release_x86_cpplatest_noexcept_unrel", "tests\vs\test_release_x86_cpplatest_noexcept_unrel.vcxproj", "{082D6FBD-F01E-504B-9905-25937CCE7F9A}"
EndProject
Project("{8BC9CEB8-8B4A-11D0-8D11-00A0C91BC942}") = "test_release_x86_cpplatest_unrel", "tests\vs\test_release_x86_cpplatest_unrel.vcxproj", "{AD2F4862-1DC2-550B-AFEF-FF3D4D477323}"
EndProject
Project("{8BC9CEB8-8B4A-11D0-8D11-00A0C91BC942}") = "test_release_x86_noexcept", "tests\vs\test_release_x86_noexcept.vcxproj", "{0D4D9D25-3F93-5C37-866E-F8B0AC23F851}"
EndProject
Project("{8BC9CEB8-8B4A-11D0-8D11-00A0C91BC942}") = "test_release_x86_noexcept_unrel", "tests\vs\test_release_x86_noexcept_unrel.vcxproj", "{151E9E68-E325-5B08-8722-257F2B083BAD}"
EndProject
Project("{8BC9CEB8-8B4A-11D0-8D11-00A0C91BC942}") = "test_release_x86_unrel", "tests\vs\test_release_x86_unrel.vcxproj", "{B3077FF1-FC90-5C14-A69F-3524F62167B1}"
EndProject
Project("{8BC9CEB8-8B4A-11D0-8D11-00A0C91BC942}") = "parse_benchmark", "examples\parse_benchmark.vcxproj", "{407FCAA8-FC2C-424D-B44B-C6A1AFAD757A}"
EndProject
Project("{2150E333-8FDC-42A3-9474-1A3956D46DE8}") = "toml-test", "toml-test", "{5DE43BF4-4EDD-4A7A-A422-764415BB3224}"
EndProject
Project("{8BC9CEB8-8B4A-11D0-8D11-00A0C91BC942}") = "tt_decoder", "toml-test\tt_decoder.vcxproj", "{8D19DE49-9687-4305-B59E-21F398415F5A}"
EndProject
Project("{8BC9CEB8-8B4A-11D0-8D11-00A0C91BC942}") = "tt_encoder", "toml-test\tt_encoder.vcxproj", "{8F673261-5DFE-4B67-937A-61FC3F0082A2}"
EndProject
Project("{8BC9CEB8-8B4A-11D0-8D11-00A0C91BC942}") = "odr_test", "tests\vs\odr_test.vcxproj", "{723FC4CA-0E24-4956-8FDC-E537EA3847AA}"
EndProject
Project("{8BC9CEB8-8B4A-11D0-8D11-00A0C91BC942}") = "toml_merger", "examples\toml_merger.vcxproj", "{E467EB97-B066-4D38-B3DB-60961E3F96A1}"
EndProject
Global
	GlobalSection(SolutionConfigurationPlatforms) = preSolution
		Debug|x64 = Debug|x64
		Release|x64 = Release|x64
	EndGlobalSection
	GlobalSection(ProjectConfigurationPlatforms) = postSolution
		{0E287B5A-1168-43FD-B067-F6BE8E182A57}.Debug|x64.ActiveCfg = Debug|x64
		{0E287B5A-1168-43FD-B067-F6BE8E182A57}.Release|x64.ActiveCfg = Release|x64
		{BE34AA99-BEE6-4B50-B237-217E7C88FCB5}.Debug|x64.ActiveCfg = Debug|x64
		{BE34AA99-BEE6-4B50-B237-217E7C88FCB5}.Debug|x64.Build.0 = Debug|x64
		{BE34AA99-BEE6-4B50-B237-217E7C88FCB5}.Release|x64.ActiveCfg = Release|x64
		{BE34AA99-BEE6-4B50-B237-217E7C88FCB5}.Release|x64.Build.0 = Release|x64
		{259FCEE5-3442-4076-9547-2BA793ECA1CB}.Debug|x64.ActiveCfg = Debug|x64
		{259FCEE5-3442-4076-9547-2BA793ECA1CB}.Debug|x64.Build.0 = Debug|x64
		{259FCEE5-3442-4076-9547-2BA793ECA1CB}.Release|x64.ActiveCfg = Release|x64
		{259FCEE5-3442-4076-9547-2BA793ECA1CB}.Release|x64.Build.0 = Release|x64
		{23CE3B73-FEE7-436C-9B4E-3DFB202EE9A2}.Debug|x64.ActiveCfg = Debug|x64
		{23CE3B73-FEE7-436C-9B4E-3DFB202EE9A2}.Debug|x64.Build.0 = Debug|x64
		{23CE3B73-FEE7-436C-9B4E-3DFB202EE9A2}.Release|x64.ActiveCfg = Release|x64
		{23CE3B73-FEE7-436C-9B4E-3DFB202EE9A2}.Release|x64.Build.0 = Release|x64
		{DAB4634D-8145-4860-AE45-5198E76FF324}.Debug|x64.ActiveCfg = Debug|x64
		{DAB4634D-8145-4860-AE45-5198E76FF324}.Debug|x64.Build.0 = Debug|x64
		{DAB4634D-8145-4860-AE45-5198E76FF324}.Release|x64.ActiveCfg = Release|x64
		{DAB4634D-8145-4860-AE45-5198E76FF324}.Release|x64.Build.0 = Release|x64
		{202DCF23-B4E4-5FB9-AFA8-CC9A718067FF}.Debug|x64.ActiveCfg = Debug|x64
		{202DCF23-B4E4-5FB9-AFA8-CC9A718067FF}.Debug|x64.Build.0 = Debug|x64
		{202DCF23-B4E4-5FB9-AFA8-CC9A718067FF}.Release|x64.ActiveCfg = Debug|x64
		{202DCF23-B4E4-5FB9-AFA8-CC9A718067FF}.Release|x64.Build.0 = Debug|x64
		{B0B1EA1E-611A-59B6-939F-0A891C71BBF0}.Debug|x64.ActiveCfg = Debug|x64
		{B0B1EA1E-611A-59B6-939F-0A891C71BBF0}.Debug|x64.Build.0 = Debug|x64
		{B0B1EA1E-611A-59B6-939F-0A891C71BBF0}.Release|x64.ActiveCfg = Debug|x64
		{B0B1EA1E-611A-59B6-939F-0A891C71BBF0}.Release|x64.Build.0 = Debug|x64
		{2D040A50-F533-5977-AF7F-B25C29112025}.Debug|x64.ActiveCfg = Debug|x64
		{2D040A50-F533-5977-AF7F-B25C29112025}.Debug|x64.Build.0 = Debug|x64
		{2D040A50-F533-5977-AF7F-B25C29112025}.Release|x64.ActiveCfg = Debug|x64
		{2D040A50-F533-5977-AF7F-B25C29112025}.Release|x64.Build.0 = Debug|x64
		{50988C9F-99C8-59C2-BCAA-AA1F0848472E}.Debug|x64.ActiveCfg = Debug|x64
		{50988C9F-99C8-59C2-BCAA-AA1F0848472E}.Debug|x64.Build.0 = Debug|x64
		{50988C9F-99C8-59C2-BCAA-AA1F0848472E}.Release|x64.ActiveCfg = Debug|x64
		{50988C9F-99C8-59C2-BCAA-AA1F0848472E}.Release|x64.Build.0 = Debug|x64
		{39175FCA-1342-507B-90F3-E8DCFB4C48D0}.Debug|x64.ActiveCfg = Debug|x64
		{39175FCA-1342-507B-90F3-E8DCFB4C48D0}.Debug|x64.Build.0 = Debug|x64
		{39175FCA-1342-507B-90F3-E8DCFB4C48D0}.Release|x64.ActiveCfg = Debug|x64
		{39175FCA-1342-507B-90F3-E8DCFB4C48D0}.Release|x64.Build.0 = Debug|x64
		{70F7C29B-3468-5C09-8D47-B649CEBAB09E}.Debug|x64.ActiveCfg = Debug|x64
		{70F7C29B-3468-5C09-8D47-B649CEBAB09E}.Debug|x64.Build.0 = Debug|x64
		{70F7C29B-3468-5C09-8D47-B649CEBAB09E}.Release|x64.ActiveCfg = Debug|x64
		{70F7C29B-3468-5C09-8D47-B649CEBAB09E}.Release|x64.Build.0 = Debug|x64
		{62191BB3-97A9-552E-93BF-BFDF4D9905DD}.Debug|x64.ActiveCfg = Debug|x64
		{62191BB3-97A9-552E-93BF-BFDF4D9905DD}.Debug|x64.Build.0 = Debug|x64
		{62191BB3-97A9-552E-93BF-BFDF4D9905DD}.Release|x64.ActiveCfg = Debug|x64
		{62191BB3-97A9-552E-93BF-BFDF4D9905DD}.Release|x64.Build.0 = Debug|x64
		{9A3431E3-4727-5FED-9C18-CCD300C2760E}.Debug|x64.ActiveCfg = Debug|x64
		{9A3431E3-4727-5FED-9C18-CCD300C2760E}.Debug|x64.Build.0 = Debug|x64
		{9A3431E3-4727-5FED-9C18-CCD300C2760E}.Release|x64.ActiveCfg = Debug|x64
		{9A3431E3-4727-5FED-9C18-CCD300C2760E}.Release|x64.Build.0 = Debug|x64
		{CFBAF3E0-2F81-5178-964C-F419CD2F296D}.Debug|x64.ActiveCfg = Debug|Win32
		{CFBAF3E0-2F81-5178-964C-F419CD2F296D}.Debug|x64.Build.0 = Debug|Win32
		{CFBAF3E0-2F81-5178-964C-F419CD2F296D}.Release|x64.ActiveCfg = Debug|Win32
		{CFBAF3E0-2F81-5178-964C-F419CD2F296D}.Release|x64.Build.0 = Debug|Win32
		{AD9A5FC3-6B12-5B6F-86C0-AB2FBB8C7766}.Debug|x64.ActiveCfg = Debug|Win32
		{AD9A5FC3-6B12-5B6F-86C0-AB2FBB8C7766}.Debug|x64.Build.0 = Debug|Win32
		{AD9A5FC3-6B12-5B6F-86C0-AB2FBB8C7766}.Release|x64.ActiveCfg = Debug|Win32
		{AD9A5FC3-6B12-5B6F-86C0-AB2FBB8C7766}.Release|x64.Build.0 = Debug|Win32
		{DC05B52F-D0ED-5F40-A5EC-92C4C1D77F98}.Debug|x64.ActiveCfg = Debug|Win32
		{DC05B52F-D0ED-5F40-A5EC-92C4C1D77F98}.Debug|x64.Build.0 = Debug|Win32
		{DC05B52F-D0ED-5F40-A5EC-92C4C1D77F98}.Release|x64.ActiveCfg = Debug|Win32
		{DC05B52F-D0ED-5F40-A5EC-92C4C1D77F98}.Release|x64.Build.0 = Debug|Win32
		{41DC0274-FFA8-5D94-AF8D-5677E3141095}.Debug|x64.ActiveCfg = Debug|Win32
		{41DC0274-FFA8-5D94-AF8D-5677E3141095}.Debug|x64.Build.0 = Debug|Win32
		{41DC0274-FFA8-5D94-AF8D-5677E3141095}.Release|x64.ActiveCfg = Debug|Win32
		{41DC0274-FFA8-5D94-AF8D-5677E3141095}.Release|x64.Build.0 = Debug|Win32
		{C8B46DC3-994F-5A7C-98ED-3388BCE5D647}.Debug|x64.ActiveCfg = Debug|Win32
		{C8B46DC3-994F-5A7C-98ED-3388BCE5D647}.Debug|x64.Build.0 = Debug|Win32
		{C8B46DC3-994F-5A7C-98ED-3388BCE5D647}.Release|x64.ActiveCfg = Debug|Win32
		{C8B46DC3-994F-5A7C-98ED-3388BCE5D647}.Release|x64.Build.0 = Debug|Win32
		{F7375F00-0345-5F67-89C0-2B18412B40FB}.Debug|x64.ActiveCfg = Debug|Win32
		{F7375F00-0345-5F67-89C0-2B18412B40FB}.Debug|x64.Build.0 = Debug|Win32
		{F7375F00-0345-5F67-89C0-2B18412B40FB}.Release|x64.ActiveCfg = Debug|Win32
		{F7375F00-0345-5F67-89C0-2B18412B40FB}.Release|x64.Build.0 = Debug|Win32
		{92AAC430-36B0-51E4-8E39-F3C579EDB331}.Debug|x64.ActiveCfg = Debug|Win32
		{92AAC430-36B0-51E4-8E39-F3C579EDB331}.Debug|x64.Build.0 = Debug|Win32
		{92AAC430-36B0-51E4-8E39-F3C579EDB331}.Release|x64.ActiveCfg = Debug|Win32
		{92AAC430-36B0-51E4-8E39-F3C579EDB331}.Release|x64.Build.0 = Debug|Win32
		{B1EAF133-1019-510F-A083-FC04774FF12E}.Debug|x64.ActiveCfg = Debug|Win32
		{B1EAF133-1019-510F-A083-FC04774FF12E}.Debug|x64.Build.0 = Debug|Win32
		{B1EAF133-1019-510F-A083-FC04774FF12E}.Release|x64.ActiveCfg = Debug|Win32
		{B1EAF133-1019-510F-A083-FC04774FF12E}.Release|x64.Build.0 = Debug|Win32
		{F70977E7-E735-5D5C-9043-CA792F1B9392}.Debug|x64.ActiveCfg = Release|x64
		{F70977E7-E735-5D5C-9043-CA792F1B9392}.Debug|x64.Build.0 = Release|x64
		{F70977E7-E735-5D5C-9043-CA792F1B9392}.Release|x64.ActiveCfg = Release|x64
		{F70977E7-E735-5D5C-9043-CA792F1B9392}.Release|x64.Build.0 = Release|x64
		{413BDA52-0A9D-56B8-9AF3-A65019F42831}.Debug|x64.ActiveCfg = Release|x64
		{413BDA52-0A9D-56B8-9AF3-A65019F42831}.Debug|x64.Build.0 = Release|x64
		{413BDA52-0A9D-56B8-9AF3-A65019F42831}.Release|x64.ActiveCfg = Release|x64
		{413BDA52-0A9D-56B8-9AF3-A65019F42831}.Release|x64.Build.0 = Release|x64
		{6F6D8031-4BA9-5F07-BE1F-190A2FC3CC9C}.Debug|x64.ActiveCfg = Release|x64
		{6F6D8031-4BA9-5F07-BE1F-190A2FC3CC9C}.Debug|x64.Build.0 = Release|x64
		{6F6D8031-4BA9-5F07-BE1F-190A2FC3CC9C}.Release|x64.ActiveCfg = Release|x64
		{6F6D8031-4BA9-5F07-BE1F-190A2FC3CC9C}.Release|x64.Build.0 = Release|x64
		{18ADA45A-11DD-5649-8492-F726E6A82803}.Debug|x64.ActiveCfg = Release|x64
		{18ADA45A-11DD-5649-8492-F726E6A82803}.Debug|x64.Build.0 = Release|x64
		{18ADA45A-11DD-5649-8492-F726E6A82803}.Release|x64.ActiveCfg = Release|x64
		{18ADA45A-11DD-5649-8492-F726E6A82803}.Release|x64.Build.0 = Release|x64
		{74813AFD-DB22-52FA-9108-0BADD4B0E161}.Debug|x64.ActiveCfg = Release|x64
		{74813AFD-DB22-52FA-9108-0BADD4B0E161}.Debug|x64.Build.0 = Release|x64
		{74813AFD-DB22-52FA-9108-0BADD4B0E161}.Release|x64.ActiveCfg = Release|x64
		{74813AFD-DB22-52FA-9108-0BADD4B0E161}.Release|x64.Build.0 = Release|x64
		{B1B28D93-892C-59BF-9C6F-D813EC6438A0}.Debug|x64.ActiveCfg = Release|x64
		{B1B28D93-892C-59BF-9C6F-D813EC6438A0}.Debug|x64.Build.0 = Release|x64
		{B1B28D93-892C-59BF-9C6F-D813EC6438A0}.Release|x64.ActiveCfg = Release|x64
		{B1B28D93-892C-59BF-9C6F-D813EC6438A0}.Release|x64.Build.0 = Release|x64
		{6C3EA8CD-33CC-5775-ACC4-631FF5FE1E2C}.Debug|x64.ActiveCfg = Release|x64
		{6C3EA8CD-33CC-5775-ACC4-631FF5FE1E2C}.Debug|x64.Build.0 = Release|x64
		{6C3EA8CD-33CC-5775-ACC4-631FF5FE1E2C}.Release|x64.ActiveCfg = Release|x64
		{6C3EA8CD-33CC-5775-ACC4-631FF5FE1E2C}.Release|x64.Build.0 = Release|x64
		{B3779AEA-40D6-5F3C-BC86-98E4E577E09D}.Debug|x64.ActiveCfg = Release|x64
		{B3779AEA-40D6-5F3C-BC86-98E4E577E09D}.Debug|x64.Build.0 = Release|x64
		{B3779AEA-40D6-5F3C-BC86-98E4E577E09D}.Release|x64.ActiveCfg = Release|x64
		{B3779AEA-40D6-5F3C-BC86-98E4E577E09D}.Release|x64.Build.0 = Release|x64
		{2D7D2E84-8861-529C-9C05-A1EE1FB84084}.Debug|x64.ActiveCfg = Release|Win32
		{2D7D2E84-8861-529C-9C05-A1EE1FB84084}.Debug|x64.Build.0 = Release|Win32
		{2D7D2E84-8861-529C-9C05-A1EE1FB84084}.Release|x64.ActiveCfg = Release|Win32
		{2D7D2E84-8861-529C-9C05-A1EE1FB84084}.Release|x64.Build.0 = Release|Win32
		{B98D8D10-4B7B-5AA8-84B5-87FE6AA80C10}.Debug|x64.ActiveCfg = Release|Win32
		{B98D8D10-4B7B-5AA8-84B5-87FE6AA80C10}.Debug|x64.Build.0 = Release|Win32
		{B98D8D10-4B7B-5AA8-84B5-87FE6AA80C10}.Release|x64.ActiveCfg = Release|Win32
		{B98D8D10-4B7B-5AA8-84B5-87FE6AA80C10}.Release|x64.Build.0 = Release|Win32
		{C9D50E23-65F2-5C1E-BE44-7327A9FFC637}.Debug|x64.ActiveCfg = Release|Win32
		{C9D50E23-65F2-5C1E-BE44-7327A9FFC637}.Debug|x64.Build.0 = Release|Win32
		{C9D50E23-65F2-5C1E-BE44-7327A9FFC637}.Release|x64.ActiveCfg = Release|Win32
		{C9D50E23-65F2-5C1E-BE44-7327A9FFC637}.Release|x64.Build.0 = Release|Win32
		{082D6FBD-F01E-504B-9905-25937CCE7F9A}.Debug|x64.ActiveCfg = Release|Win32
		{082D6FBD-F01E-504B-9905-25937CCE7F9A}.Debug|x64.Build.0 = Release|Win32
		{082D6FBD-F01E-504B-9905-25937CCE7F9A}.Release|x64.ActiveCfg = Release|Win32
		{082D6FBD-F01E-504B-9905-25937CCE7F9A}.Release|x64.Build.0 = Release|Win32
		{AD2F4862-1DC2-550B-AFEF-FF3D4D477323}.Debug|x64.ActiveCfg = Release|Win32
		{AD2F4862-1DC2-550B-AFEF-FF3D4D477323}.Debug|x64.Build.0 = Release|Win32
		{AD2F4862-1DC2-550B-AFEF-FF3D4D477323}.Release|x64.ActiveCfg = Release|Win32
		{AD2F4862-1DC2-550B-AFEF-FF3D4D477323}.Release|x64.Build.0 = Release|Win32
		{0D4D9D25-3F93-5C37-866E-F8B0AC23F851}.Debug|x64.ActiveCfg = Release|Win32
		{0D4D9D25-3F93-5C37-866E-F8B0AC23F851}.Debug|x64.Build.0 = Release|Win32
		{0D4D9D25-3F93-5C37-866E-F8B0AC23F851}.Release|x64.ActiveCfg = Release|Win32
		{0D4D9D25-3F93-5C37-866E-F8B0AC23F851}.Release|x64.Build.0 = Release|Win32
		{151E9E68-E325-5B08-8722-257F2B083BAD}.Debug|x64.ActiveCfg = Release|Win32
		{151E9E68-E325-5B08-8722-257F2B083BAD}.Debug|x64.Build.0 = Release|Win32
		{151E9E68-E325-5B08-8722-257F2B083BAD}.Release|x64.ActiveCfg = Release|Win32
		{151E9E68-E325-5B08-8722-257F2B083BAD}.Release|x64.Build.0 = Release|Win32
		{B3077FF1-FC90-5C14-A69F-3524F62167B1}.Debug|x64.ActiveCfg = Release|Win32
		{B3077FF1-FC90-5C14-A69F-3524F62167B1}.Debug|x64.Build.0 = Release|Win32
		{B3077FF1-FC90-5C14-A69F-3524F62167B1}.Release|x64.ActiveCfg = Release|Win32
		{B3077FF1-FC90-5C14-A69F-3524F62167B1}.Release|x64.Build.0 = Release|Win32
		{407FCAA8-FC2C-424D-B44B-C6A1AFAD757A}.Debug|x64.ActiveCfg = Debug|x64
		{407FCAA8-FC2C-424D-B44B-C6A1AFAD757A}.Debug|x64.Build.0 = Debug|x64
		{407FCAA8-FC2C-424D-B44B-C6A1AFAD757A}.Release|x64.ActiveCfg = Release|x64
		{407FCAA8-FC2C-424D-B44B-C6A1AFAD757A}.Release|x64.Build.0 = Release|x64
		{8D19DE49-9687-4305-B59E-21F398415F5A}.Debug|x64.ActiveCfg = Debug|x64
		{8D19DE49-9687-4305-B59E-21F398415F5A}.Debug|x64.Build.0 = Debug|x64
		{8D19DE49-9687-4305-B59E-21F398415F5A}.Release|x64.ActiveCfg = Release|x64
		{8D19DE49-9687-4305-B59E-21F398415F5A}.Release|x64.Build.0 = Release|x64
		{8F673261-5DFE-4B67-937A-61FC3F0082A2}.Debug|x64.ActiveCfg = Debug|x64
		{8F673261-5DFE-4B67-937A-61FC3F0082A2}.Debug|x64.Build.0 = Debug|x64
		{8F673261-5DFE-4B67-937A-61FC3F0082A2}.Release|x64.ActiveCfg = Release|x64
		{8F673261-5DFE-4B67-937A-61FC3F0082A2}.Release|x64.Build.0 = Release|x64
		{723FC4CA-0E24-4956-8FDC-E537EA3847AA}.Debug|x64.ActiveCfg = Debug|x64
		{723FC4CA-0E24-4956-8FDC-E537EA3847AA}.Debug|x64.Build.0 = Debug|x64
		{723FC4CA-0E24-4956-8FDC-E537EA3847AA}.Release|x64.ActiveCfg = Release|x64
		{723FC4CA-0E24-4956-8FDC-E537EA3847AA}.Release|x64.Build.0 = Release|x64
		{E467EB97-B066-4D38-B3DB-60961E3F96A1}.Debug|x64.ActiveCfg = Debug|x64
		{E467EB97-B066-4D38-B3DB-60961E3F96A1}.Debug|x64.Build.0 = Debug|x64
		{E467EB97-B066-4D38-B3DB-60961E3F96A1}.Release|x64.ActiveCfg = Release|x64
		{E467EB97-B066-4D38-B3DB-60961E3F96A1}.Release|x64.Build.0 = Release|x64
	EndGlobalSection
	GlobalSection(SolutionProperties) = preSolution
		HideSolutionNode = FALSE
	EndGlobalSection
	GlobalSection(NestedProjects) = preSolution
		{BE34AA99-BEE6-4B50-B237-217E7C88FCB5} = {412816A5-9D22-4A30-BCDF-ABFB54BB3735}
		{259FCEE5-3442-4076-9547-2BA793ECA1CB} = {412816A5-9D22-4A30-BCDF-ABFB54BB3735}
		{23CE3B73-FEE7-436C-9B4E-3DFB202EE9A2} = {412816A5-9D22-4A30-BCDF-ABFB54BB3735}
		{DAB4634D-8145-4860-AE45-5198E76FF324} = {412816A5-9D22-4A30-BCDF-ABFB54BB3735}
		{202DCF23-B4E4-5FB9-AFA8-CC9A718067FF} = {4E25CF88-D7D8-4A9C-A52E-0D78281E82EC}
		{B0B1EA1E-611A-59B6-939F-0A891C71BBF0} = {4E25CF88-D7D8-4A9C-A52E-0D78281E82EC}
		{2D040A50-F533-5977-AF7F-B25C29112025} = {4E25CF88-D7D8-4A9C-A52E-0D78281E82EC}
		{50988C9F-99C8-59C2-BCAA-AA1F0848472E} = {4E25CF88-D7D8-4A9C-A52E-0D78281E82EC}
		{39175FCA-1342-507B-90F3-E8DCFB4C48D0} = {4E25CF88-D7D8-4A9C-A52E-0D78281E82EC}
		{70F7C29B-3468-5C09-8D47-B649CEBAB09E} = {4E25CF88-D7D8-4A9C-A52E-0D78281E82EC}
		{62191BB3-97A9-552E-93BF-BFDF4D9905DD} = {4E25CF88-D7D8-4A9C-A52E-0D78281E82EC}
		{9A3431E3-4727-5FED-9C18-CCD300C2760E} = {4E25CF88-D7D8-4A9C-A52E-0D78281E82EC}
		{CFBAF3E0-2F81-5178-964C-F419CD2F296D} = {4E25CF88-D7D8-4A9C-A52E-0D78281E82EC}
		{AD9A5FC3-6B12-5B6F-86C0-AB2FBB8C7766} = {4E25CF88-D7D8-4A9C-A52E-0D78281E82EC}
		{DC05B52F-D0ED-5F40-A5EC-92C4C1D77F98} = {4E25CF88-D7D8-4A9C-A52E-0D78281E82EC}
		{41DC0274-FFA8-5D94-AF8D-5677E3141095} = {4E25CF88-D7D8-4A9C-A52E-0D78281E82EC}
		{C8B46DC3-994F-5A7C-98ED-3388BCE5D647} = {4E25CF88-D7D8-4A9C-A52E-0D78281E82EC}
		{F7375F00-0345-5F67-89C0-2B18412B40FB} = {4E25CF88-D7D8-4A9C-A52E-0D78281E82EC}
		{92AAC430-36B0-51E4-8E39-F3C579EDB331} = {4E25CF88-D7D8-4A9C-A52E-0D78281E82EC}
		{B1EAF133-1019-510F-A083-FC04774FF12E} = {4E25CF88-D7D8-4A9C-A52E-0D78281E82EC}
		{F70977E7-E735-5D5C-9043-CA792F1B9392} = {4E25CF88-D7D8-4A9C-A52E-0D78281E82EC}
		{413BDA52-0A9D-56B8-9AF3-A65019F42831} = {4E25CF88-D7D8-4A9C-A52E-0D78281E82EC}
		{6F6D8031-4BA9-5F07-BE1F-190A2FC3CC9C} = {4E25CF88-D7D8-4A9C-A52E-0D78281E82EC}
		{18ADA45A-11DD-5649-8492-F726E6A82803} = {4E25CF88-D7D8-4A9C-A52E-0D78281E82EC}
		{74813AFD-DB22-52FA-9108-0BADD4B0E161} = {4E25CF88-D7D8-4A9C-A52E-0D78281E82EC}
		{B1B28D93-892C-59BF-9C6F-D813EC6438A0} = {4E25CF88-D7D8-4A9C-A52E-0D78281E82EC}
		{6C3EA8CD-33CC-5775-ACC4-631FF5FE1E2C} = {4E25CF88-D7D8-4A9C-A52E-0D78281E82EC}
		{B3779AEA-40D6-5F3C-BC86-98E4E577E09D} = {4E25CF88-D7D8-4A9C-A52E-0D78281E82EC}
		{2D7D2E84-8861-529C-9C05-A1EE1FB84084} = {4E25CF88-D7D8-4A9C-A52E-0D78281E82EC}
		{B98D8D10-4B7B-5AA8-84B5-87FE6AA80C10} = {4E25CF88-D7D8-4A9C-A52E-0D78281E82EC}
		{C9D50E23-65F2-5C1E-BE44-7327A9FFC637} = {4E25CF88-D7D8-4A9C-A52E-0D78281E82EC}
		{082D6FBD-F01E-504B-9905-25937CCE7F9A} = {4E25CF88-D7D8-4A9C-A52E-0D78281E82EC}
		{AD2F4862-1DC2-550B-AFEF-FF3D4D477323} = {4E25CF88-D7D8-4A9C-A52E-0D78281E82EC}
		{0D4D9D25-3F93-5C37-866E-F8B0AC23F851} = {4E25CF88-D7D8-4A9C-A52E-0D78281E82EC}
		{151E9E68-E325-5B08-8722-257F2B083BAD} = {4E25CF88-D7D8-4A9C-A52E-0D78281E82EC}
		{B3077FF1-FC90-5C14-A69F-3524F62167B1} = {4E25CF88-D7D8-4A9C-A52E-0D78281E82EC}
		{407FCAA8-FC2C-424D-B44B-C6A1AFAD757A} = {412816A5-9D22-4A30-BCDF-ABFB54BB3735}
		{8D19DE49-9687-4305-B59E-21F398415F5A} = {5DE43BF4-4EDD-4A7A-A422-764415BB3224}
		{8F673261-5DFE-4B67-937A-61FC3F0082A2} = {5DE43BF4-4EDD-4A7A-A422-764415BB3224}
		{723FC4CA-0E24-4956-8FDC-E537EA3847AA} = {4E25CF88-D7D8-4A9C-A52E-0D78281E82EC}
		{E467EB97-B066-4D38-B3DB-60961E3F96A1} = {412816A5-9D22-4A30-BCDF-ABFB54BB3735}
	EndGlobalSection
	GlobalSection(ExtensibilityGlobals) = postSolution
		SolutionGuid = {0926DDCC-88CD-4839-A82D-D9B99E02A0B1}
	EndGlobalSection
EndGlobal
